// !$*UTF8*$!
{
	archiveVersion = 1;
	classes = {
	};
	objectVersion = 56;
	objects = {

/* Begin PBXBuildFile section */
		000000000000000000000201 /* CommandNestApp.swift in Sources */ = {isa = PBXBuildFile; fileRef = 000000000000000000000101 /* CommandNestApp.swift */; };
		000000000000000000000202 /* AppDelegate.swift in Sources */ = {isa = PBXBuildFile; fileRef = 000000000000000000000102 /* AppDelegate.swift */; };
		000000000000000000000203 /* ChatMessage.swift in Sources */ = {isa = PBXBuildFile; fileRef = 000000000000000000000103 /* ChatMessage.swift */; };
		000000000000000000000204 /* AppSettings.swift in Sources */ = {isa = PBXBuildFile; fileRef = 000000000000000000000104 /* AppSettings.swift */; };
		000000000000000000000205 /* OpenRouterClient.swift in Sources */ = {isa = PBXBuildFile; fileRef = 000000000000000000000105 /* OpenRouterClient.swift */; };
		000000000000000000000206 /* KeychainService.swift in Sources */ = {isa = PBXBuildFile; fileRef = 000000000000000000000106 /* KeychainService.swift */; };
		000000000000000000000207 /* HotKeyService.swift in Sources */ = {isa = PBXBuildFile; fileRef = 000000000000000000000107 /* HotKeyService.swift */; };
		000000000000000000000216 /* AgentService.swift in Sources */ = {isa = PBXBuildFile; fileRef = 000000000000000000000116 /* AgentService.swift */; };
		000000000000000000000217 /* PermissionService.swift in Sources */ = {isa = PBXBuildFile; fileRef = 000000000000000000000117 /* PermissionService.swift */; };
		000000000000000000000218 /* LocalActionService.swift in Sources */ = {isa = PBXBuildFile; fileRef = 000000000000000000000118 /* LocalActionService.swift */; };
		000000000000000000000219 /* UpdateService.swift in Sources */ = {isa = PBXBuildFile; fileRef = 000000000000000000000119 /* UpdateService.swift */; };
		000000000000000000000221 /* LaunchAtLoginService.swift in Sources */ = {isa = PBXBuildFile; fileRef = 000000000000000000000121 /* LaunchAtLoginService.swift */; };
		000000000000000000000208 /* AssistantViewModel.swift in Sources */ = {isa = PBXBuildFile; fileRef = 000000000000000000000108 /* AssistantViewModel.swift */; };
		000000000000000000000209 /* SettingsViewModel.swift in Sources */ = {isa = PBXBuildFile; fileRef = 000000000000000000000109 /* SettingsViewModel.swift */; };
		000000000000000000000210 /* AssistantWindowView.swift in Sources */ = {isa = PBXBuildFile; fileRef = 000000000000000000000110 /* AssistantWindowView.swift */; };
		000000000000000000000211 /* SettingsView.swift in Sources */ = {isa = PBXBuildFile; fileRef = 000000000000000000000111 /* SettingsView.swift */; };
		000000000000000000000212 /* MessageBubbleView.swift in Sources */ = {isa = PBXBuildFile; fileRef = 000000000000000000000112 /* MessageBubbleView.swift */; };
		000000000000000000000213 /* ModelPickerView.swift in Sources */ = {isa = PBXBuildFile; fileRef = 000000000000000000000113 /* ModelPickerView.swift */; };
		000000000000000000000220 /* OnboardingView.swift in Sources */ = {isa = PBXBuildFile; fileRef = 000000000000000000000120 /* OnboardingView.swift */; };
		000000000000000000000214 /* ClipboardHelper.swift in Sources */ = {isa = PBXBuildFile; fileRef = 000000000000000000000114 /* ClipboardHelper.swift */; };
		000000000000000000000215 /* Constants.swift in Sources */ = {isa = PBXBuildFile; fileRef = 000000000000000000000115 /* Constants.swift */; };
		000000000000000000000222 /* ReasoningTextParser.swift in Sources */ = {isa = PBXBuildFile; fileRef = 000000000000000000000127 /* ReasoningTextParser.swift */; };
		000000000000000000000301 /* LocalActionServiceTests.swift in Sources */ = {isa = PBXBuildFile; fileRef = 000000000000000000000122 /* LocalActionServiceTests.swift */; };
		000000000000000000000302 /* AppSettingsTests.swift in Sources */ = {isa = PBXBuildFile; fileRef = 000000000000000000000123 /* AppSettingsTests.swift */; };
		000000000000000000000303 /* UpdateServiceTests.swift in Sources */ = {isa = PBXBuildFile; fileRef = 000000000000000000000125 /* UpdateServiceTests.swift */; };
		000000000000000000000304 /* AgentSafetyTests.swift in Sources */ = {isa = PBXBuildFile; fileRef = 000000000000000000000126 /* AgentSafetyTests.swift */; };
		000000000000000000000305 /* ReasoningTextParserTests.swift in Sources */ = {isa = PBXBuildFile; fileRef = 000000000000000000000128 /* ReasoningTextParserTests.swift */; };
/* End PBXBuildFile section */

/* Begin PBXContainerItemProxy section */
		000000000000000000000050 /* PBXContainerItemProxy */ = {
			isa = PBXContainerItemProxy;
			containerPortal = 000000000000000000000001 /* Project object */;
			proxyType = 1;
			remoteGlobalIDString = 000000000000000000000010;
			remoteInfo = CommandNest;
		};
/* End PBXContainerItemProxy section */

/* Begin PBXFileReference section */
		000000000000000000000011 /* CommandNest.app */ = {isa = PBXFileReference; explicitFileType = wrapper.application; includeInIndex = 0; path = CommandNest.app; sourceTree = BUILT_PRODUCTS_DIR; };
		000000000000000000000030 /* CommandNestTests.xctest */ = {isa = PBXFileReference; explicitFileType = wrapper.cfbundle; includeInIndex = 0; path = CommandNestTests.xctest; sourceTree = BUILT_PRODUCTS_DIR; };
		000000000000000000000090 /* README.md */ = {isa = PBXFileReference; lastKnownFileType = net.daringfireball.markdown; path = README.md; sourceTree = "<group>"; };
		000000000000000000000093 /* LICENSE */ = {isa = PBXFileReference; lastKnownFileType = text; path = LICENSE; sourceTree = "<group>"; };
		000000000000000000000094 /* CONTRIBUTING.md */ = {isa = PBXFileReference; lastKnownFileType = net.daringfireball.markdown; path = CONTRIBUTING.md; sourceTree = "<group>"; };
		000000000000000000000095 /* SECURITY.md */ = {isa = PBXFileReference; lastKnownFileType = net.daringfireball.markdown; path = SECURITY.md; sourceTree = "<group>"; };
		000000000000000000000096 /* .gitignore */ = {isa = PBXFileReference; lastKnownFileType = text; path = .gitignore; sourceTree = "<group>"; };
		000000000000000000000091 /* Info.plist */ = {isa = PBXFileReference; lastKnownFileType = text.plist.xml; path = Info.plist; sourceTree = "<group>"; };
		000000000000000000000092 /* CommandNest.entitlements */ = {isa = PBXFileReference; lastKnownFileType = text.plist.entitlements; path = CommandNest.entitlements; sourceTree = "<group>"; };
		000000000000000000000101 /* CommandNestApp.swift */ = {isa = PBXFileReference; lastKnownFileType = sourcecode.swift; path = CommandNestApp.swift; sourceTree = "<group>"; };
		000000000000000000000102 /* AppDelegate.swift */ = {isa = PBXFileReference; lastKnownFileType = sourcecode.swift; path = AppDelegate.swift; sourceTree = "<group>"; };
		000000000000000000000103 /* ChatMessage.swift */ = {isa = PBXFileReference; lastKnownFileType = sourcecode.swift; path = ChatMessage.swift; sourceTree = "<group>"; };
		000000000000000000000104 /* AppSettings.swift */ = {isa = PBXFileReference; lastKnownFileType = sourcecode.swift; path = AppSettings.swift; sourceTree = "<group>"; };
		000000000000000000000105 /* OpenRouterClient.swift */ = {isa = PBXFileReference; lastKnownFileType = sourcecode.swift; path = OpenRouterClient.swift; sourceTree = "<group>"; };
		000000000000000000000106 /* KeychainService.swift */ = {isa = PBXFileReference; lastKnownFileType = sourcecode.swift; path = KeychainService.swift; sourceTree = "<group>"; };
		000000000000000000000107 /* HotKeyService.swift */ = {isa = PBXFileReference; lastKnownFileType = sourcecode.swift; path = HotKeyService.swift; sourceTree = "<group>"; };
		000000000000000000000116 /* AgentService.swift */ = {isa = PBXFileReference; lastKnownFileType = sourcecode.swift; path = AgentService.swift; sourceTree = "<group>"; };
		000000000000000000000117 /* PermissionService.swift */ = {isa = PBXFileReference; lastKnownFileType = sourcecode.swift; path = PermissionService.swift; sourceTree = "<group>"; };
		000000000000000000000118 /* LocalActionService.swift */ = {isa = PBXFileReference; lastKnownFileType = sourcecode.swift; path = LocalActionService.swift; sourceTree = "<group>"; };
		000000000000000000000119 /* UpdateService.swift */ = {isa = PBXFileReference; lastKnownFileType = sourcecode.swift; path = UpdateService.swift; sourceTree = "<group>"; };
		000000000000000000000121 /* LaunchAtLoginService.swift */ = {isa = PBXFileReference; lastKnownFileType = sourcecode.swift; path = LaunchAtLoginService.swift; sourceTree = "<group>"; };
		000000000000000000000108 /* AssistantViewModel.swift */ = {isa = PBXFileReference; lastKnownFileType = sourcecode.swift; path = AssistantViewModel.swift; sourceTree = "<group>"; };
		000000000000000000000109 /* SettingsViewModel.swift */ = {isa = PBXFileReference; lastKnownFileType = sourcecode.swift; path = SettingsViewModel.swift; sourceTree = "<group>"; };
		000000000000000000000110 /* AssistantWindowView.swift */ = {isa = PBXFileReference; lastKnownFileType = sourcecode.swift; path = AssistantWindowView.swift; sourceTree = "<group>"; };
		000000000000000000000111 /* SettingsView.swift */ = {isa = PBXFileReference; lastKnownFileType = sourcecode.swift; path = SettingsView.swift; sourceTree = "<group>"; };
		000000000000000000000112 /* MessageBubbleView.swift */ = {isa = PBXFileReference; lastKnownFileType = sourcecode.swift; path = MessageBubbleView.swift; sourceTree = "<group>"; };
		000000000000000000000113 /* ModelPickerView.swift */ = {isa = PBXFileReference; lastKnownFileType = sourcecode.swift; path = ModelPickerView.swift; sourceTree = "<group>"; };
		000000000000000000000120 /* OnboardingView.swift */ = {isa = PBXFileReference; lastKnownFileType = sourcecode.swift; path = OnboardingView.swift; sourceTree = "<group>"; };
		000000000000000000000114 /* ClipboardHelper.swift */ = {isa = PBXFileReference; lastKnownFileType = sourcecode.swift; path = ClipboardHelper.swift; sourceTree = "<group>"; };
		000000000000000000000115 /* Constants.swift */ = {isa = PBXFileReference; lastKnownFileType = sourcecode.swift; path = Constants.swift; sourceTree = "<group>"; };
		000000000000000000000127 /* ReasoningTextParser.swift */ = {isa = PBXFileReference; lastKnownFileType = sourcecode.swift; path = ReasoningTextParser.swift; sourceTree = "<group>"; };
		000000000000000000000122 /* LocalActionServiceTests.swift */ = {isa = PBXFileReference; lastKnownFileType = sourcecode.swift; path = LocalActionServiceTests.swift; sourceTree = "<group>"; };
		000000000000000000000123 /* AppSettingsTests.swift */ = {isa = PBXFileReference; lastKnownFileType = sourcecode.swift; path = AppSettingsTests.swift; sourceTree = "<group>"; };
		000000000000000000000125 /* UpdateServiceTests.swift */ = {isa = PBXFileReference; lastKnownFileType = sourcecode.swift; path = UpdateServiceTests.swift; sourceTree = "<group>"; };
		000000000000000000000126 /* AgentSafetyTests.swift */ = {isa = PBXFileReference; lastKnownFileType = sourcecode.swift; path = AgentSafetyTests.swift; sourceTree = "<group>"; };
		000000000000000000000128 /* ReasoningTextParserTests.swift */ = {isa = PBXFileReference; lastKnownFileType = sourcecode.swift; path = ReasoningTextParserTests.swift; sourceTree = "<group>"; };
/* End PBXFileReference section */

/* Begin PBXFrameworksBuildPhase section */
		000000000000000000000013 /* Frameworks */ = {
			isa = PBXFrameworksBuildPhase;
			buildActionMask = 2147483647;
			files = (
			);
			runOnlyForDeploymentPostprocessing = 0;
		};
		000000000000000000000023 /* Frameworks */ = {
			isa = PBXFrameworksBuildPhase;
			buildActionMask = 2147483647;
			files = (
			);
			runOnlyForDeploymentPostprocessing = 0;
		};
/* End PBXFrameworksBuildPhase section */

/* Begin PBXGroup section */
		000000000000000000000002 = {
			isa = PBXGroup;
			children = (
				000000000000000000000004 /* CommandNest */,
				000000000000000000000090 /* README.md */,
				000000000000000000000093 /* LICENSE */,
				000000000000000000000094 /* CONTRIBUTING.md */,
				000000000000000000000095 /* SECURITY.md */,
				000000000000000000000096 /* .gitignore */,
				000000000000000000000124 /* CommandNestTests */,
				000000000000000000000003 /* Products */,
			);
			sourceTree = "<group>";
		};
		000000000000000000000003 /* Products */ = {
			isa = PBXGroup;
			children = (
				000000000000000000000011 /* CommandNest.app */,
				000000000000000000000030 /* CommandNestTests.xctest */,
			);
			name = Products;
			sourceTree = "<group>";
		};
		000000000000000000000004 /* CommandNest */ = {
			isa = PBXGroup;
			children = (
				000000000000000000000101 /* CommandNestApp.swift */,
				000000000000000000000102 /* AppDelegate.swift */,
				000000000000000000000005 /* Models */,
				000000000000000000000006 /* Services */,
				000000000000000000000007 /* ViewModels */,
				000000000000000000000008 /* Views */,
				000000000000000000000009 /* Utilities */,
				000000000000000000000091 /* Info.plist */,
				000000000000000000000092 /* CommandNest.entitlements */,
			);
			path = CommandNest;
			sourceTree = "<group>";
		};
		000000000000000000000005 /* Models */ = {
			isa = PBXGroup;
			children = (
				000000000000000000000103 /* ChatMessage.swift */,
				000000000000000000000104 /* AppSettings.swift */,
			);
			path = Models;
			sourceTree = "<group>";
		};
		000000000000000000000006 /* Services */ = {
			isa = PBXGroup;
			children = (
				000000000000000000000105 /* OpenRouterClient.swift */,
				000000000000000000000106 /* KeychainService.swift */,
				000000000000000000000107 /* HotKeyService.swift */,
				000000000000000000000116 /* AgentService.swift */,
				000000000000000000000118 /* LocalActionService.swift */,
				000000000000000000000117 /* PermissionService.swift */,
				000000000000000000000119 /* UpdateService.swift */,
				000000000000000000000121 /* LaunchAtLoginService.swift */,
			);
			path = Services;
			sourceTree = "<group>";
		};
		000000000000000000000007 /* ViewModels */ = {
			isa = PBXGroup;
			children = (
				000000000000000000000108 /* AssistantViewModel.swift */,
				000000000000000000000109 /* SettingsViewModel.swift */,
			);
			path = ViewModels;
			sourceTree = "<group>";
		};
		000000000000000000000008 /* Views */ = {
			isa = PBXGroup;
			children = (
				000000000000000000000110 /* AssistantWindowView.swift */,
				000000000000000000000111 /* SettingsView.swift */,
				000000000000000000000112 /* MessageBubbleView.swift */,
				000000000000000000000113 /* ModelPickerView.swift */,
				000000000000000000000120 /* OnboardingView.swift */,
			);
			path = Views;
			sourceTree = "<group>";
		};
		000000000000000000000009 /* Utilities */ = {
			isa = PBXGroup;
			children = (
				000000000000000000000114 /* ClipboardHelper.swift */,
				000000000000000000000115 /* Constants.swift */,
				000000000000000000000127 /* ReasoningTextParser.swift */,
			);
			path = Utilities;
			sourceTree = "<group>";
		};
		000000000000000000000124 /* CommandNestTests */ = {
			isa = PBXGroup;
			children = (
				000000000000000000000122 /* LocalActionServiceTests.swift */,
				000000000000000000000123 /* AppSettingsTests.swift */,
				000000000000000000000125 /* UpdateServiceTests.swift */,
				000000000000000000000126 /* AgentSafetyTests.swift */,
				000000000000000000000128 /* ReasoningTextParserTests.swift */,
			);
			path = CommandNestTests;
			sourceTree = "<group>";
		};
/* End PBXGroup section */

/* Begin PBXNativeTarget section */
		000000000000000000000010 /* CommandNest */ = {
			isa = PBXNativeTarget;
			buildConfigurationList = 000000000000000000000016 /* Build configuration list for PBXNativeTarget "CommandNest" */;
			buildPhases = (
				000000000000000000000012 /* Sources */,
				000000000000000000000013 /* Frameworks */,
				000000000000000000000014 /* Resources */,
			);
			buildRules = (
			);
			dependencies = (
			);
			name = CommandNest;
			productName = CommandNest;
			productReference = 000000000000000000000011 /* CommandNest.app */;
			productType = "com.apple.product-type.application";
		};
		000000000000000000000040 /* CommandNestTests */ = {
			isa = PBXNativeTarget;
			buildConfigurationList = 000000000000000000000026 /* Build configuration list for PBXNativeTarget "CommandNestTests" */;
			buildPhases = (
				000000000000000000000025 /* Sources */,
				000000000000000000000023 /* Frameworks */,
				000000000000000000000024 /* Resources */,
			);
			buildRules = (
			);
			dependencies = (
				000000000000000000000051 /* PBXTargetDependency */,
			);
			name = CommandNestTests;
			productName = CommandNestTests;
			productReference = 000000000000000000000030 /* CommandNestTests.xctest */;
			productType = "com.apple.product-type.bundle.unit-test";
		};
/* End PBXNativeTarget section */

/* Begin PBXProject section */
		000000000000000000000001 /* Project object */ = {
			isa = PBXProject;
			attributes = {
				BuildIndependentTargetsInParallel = 1;
				LastSwiftUpdateCheck = 1500;
				LastUpgradeCheck = 1500;
				TargetAttributes = {
					000000000000000000000010 = {
						CreatedOnToolsVersion = 15.0;
					};
					000000000000000000000040 = {
						CreatedOnToolsVersion = 15.0;
						TestTargetID = 000000000000000000000010;
					};
				};
			};
			buildConfigurationList = 000000000000000000000015 /* Build configuration list for PBXProject "CommandNest" */;
			compatibilityVersion = "Xcode 14.0";
			developmentRegion = en;
			hasScannedForEncodings = 0;
			knownRegions = (
				en,
				Base,
			);
			mainGroup = 000000000000000000000002;
			productRefGroup = 000000000000000000000003 /* Products */;
			projectDirPath = "";
			projectRoot = "";
			targets = (
				000000000000000000000010 /* CommandNest */,
				000000000000000000000040 /* CommandNestTests */,
			);
		};
/* End PBXProject section */

/* Begin PBXResourcesBuildPhase section */
		000000000000000000000014 /* Resources */ = {
			isa = PBXResourcesBuildPhase;
			buildActionMask = 2147483647;
			files = (
			);
			runOnlyForDeploymentPostprocessing = 0;
		};
		000000000000000000000024 /* Resources */ = {
			isa = PBXResourcesBuildPhase;
			buildActionMask = 2147483647;
			files = (
			);
			runOnlyForDeploymentPostprocessing = 0;
		};
/* End PBXResourcesBuildPhase section */

/* Begin PBXSourcesBuildPhase section */
		000000000000000000000012 /* Sources */ = {
			isa = PBXSourcesBuildPhase;
			buildActionMask = 2147483647;
			files = (
				000000000000000000000201 /* CommandNestApp.swift in Sources */,
				000000000000000000000202 /* AppDelegate.swift in Sources */,
				000000000000000000000203 /* ChatMessage.swift in Sources */,
				000000000000000000000204 /* AppSettings.swift in Sources */,
				000000000000000000000205 /* OpenRouterClient.swift in Sources */,
				000000000000000000000206 /* KeychainService.swift in Sources */,
				000000000000000000000207 /* HotKeyService.swift in Sources */,
				000000000000000000000216 /* AgentService.swift in Sources */,
				000000000000000000000218 /* LocalActionService.swift in Sources */,
				000000000000000000000217 /* PermissionService.swift in Sources */,
				000000000000000000000219 /* UpdateService.swift in Sources */,
				000000000000000000000221 /* LaunchAtLoginService.swift in Sources */,
				000000000000000000000208 /* AssistantViewModel.swift in Sources */,
				000000000000000000000209 /* SettingsViewModel.swift in Sources */,
				000000000000000000000210 /* AssistantWindowView.swift in Sources */,
				000000000000000000000211 /* SettingsView.swift in Sources */,
				000000000000000000000212 /* MessageBubbleView.swift in Sources */,
				000000000000000000000213 /* ModelPickerView.swift in Sources */,
				000000000000000000000220 /* OnboardingView.swift in Sources */,
				000000000000000000000214 /* ClipboardHelper.swift in Sources */,
				000000000000000000000215 /* Constants.swift in Sources */,
				000000000000000000000222 /* ReasoningTextParser.swift in Sources */,
			);
			runOnlyForDeploymentPostprocessing = 0;
		};
		000000000000000000000025 /* Sources */ = {
			isa = PBXSourcesBuildPhase;
			buildActionMask = 2147483647;
			files = (
				000000000000000000000301 /* LocalActionServiceTests.swift in Sources */,
				000000000000000000000302 /* AppSettingsTests.swift in Sources */,
				000000000000000000000303 /* UpdateServiceTests.swift in Sources */,
				000000000000000000000304 /* AgentSafetyTests.swift in Sources */,
				000000000000000000000305 /* ReasoningTextParserTests.swift in Sources */,
			);
			runOnlyForDeploymentPostprocessing = 0;
		};
/* End PBXSourcesBuildPhase section */

/* Begin PBXTargetDependency section */
		000000000000000000000051 /* PBXTargetDependency */ = {
			isa = PBXTargetDependency;
			target = 000000000000000000000010 /* CommandNest */;
			targetProxy = 000000000000000000000050 /* PBXContainerItemProxy */;
		};
/* End PBXTargetDependency section */

/* Begin XCBuildConfiguration section */
		000000000000000000000017 /* Debug */ = {
			isa = XCBuildConfiguration;
			buildSettings = {
				ALWAYS_SEARCH_USER_PATHS = NO;
				CLANG_ANALYZER_NONNULL = YES;
				CLANG_ANALYZER_NUMBER_OBJECT_CONVERSION = YES_AGGRESSIVE;
				CLANG_CXX_LANGUAGE_STANDARD = "gnu++20";
				CLANG_ENABLE_MODULES = YES;
				CLANG_ENABLE_OBJC_ARC = YES;
				CLANG_ENABLE_OBJC_WEAK = YES;
				CLANG_WARN_BLOCK_CAPTURE_AUTORELEASING = YES;
				CLANG_WARN_BOOL_CONVERSION = YES;
				CLANG_WARN_COMMA = YES;
				CLANG_WARN_CONSTANT_CONVERSION = YES;
				CLANG_WARN_DEPRECATED_OBJC_IMPLEMENTATIONS = YES;
				CLANG_WARN_DIRECT_OBJC_ISA_USAGE = YES_ERROR;
				CLANG_WARN_DOCUMENTATION_COMMENTS = YES;
				CLANG_WARN_EMPTY_BODY = YES;
				CLANG_WARN_ENUM_CONVERSION = YES;
				CLANG_WARN_INFINITE_RECURSION = YES;
				CLANG_WARN_INT_CONVERSION = YES;
				CLANG_WARN_NON_LITERAL_NULL_CONVERSION = YES;
				CLANG_WARN_OBJC_IMPLICIT_RETAIN_SELF = YES;
				CLANG_WARN_OBJC_LITERAL_CONVERSION = YES;
				CLANG_WARN_OBJC_ROOT_CLASS = YES_ERROR;
				CLANG_WARN_QUOTED_INCLUDE_IN_FRAMEWORK_HEADER = YES;
				CLANG_WARN_RANGE_LOOP_ANALYSIS = YES;
				CLANG_WARN_STRICT_PROTOTYPES = YES;
				CLANG_WARN_SUSPICIOUS_MOVE = YES;
				CLANG_WARN_UNGUARDED_AVAILABILITY = YES_AGGRESSIVE;
				CLANG_WARN_UNREACHABLE_CODE = YES;
				CLANG_WARN__DUPLICATE_METHOD_MATCH = YES;
				COPY_PHASE_STRIP = NO;
				DEBUG_INFORMATION_FORMAT = dwarf;
				ENABLE_STRICT_OBJC_MSGSEND = YES;
				ENABLE_TESTABILITY = YES;
				ENABLE_USER_SCRIPT_SANDBOXING = YES;
				GCC_C_LANGUAGE_STANDARD = gnu17;
				GCC_DYNAMIC_NO_PIC = NO;
				GCC_NO_COMMON_BLOCKS = YES;
				GCC_OPTIMIZATION_LEVEL = 0;
				GCC_PREPROCESSOR_DEFINITIONS = (
					"DEBUG=1",
					"$(inherited)",
				);
				GCC_WARN_64_TO_32_BIT_CONVERSION = YES;
				GCC_WARN_ABOUT_RETURN_TYPE = YES_ERROR;
				GCC_WARN_UNDECLARED_SELECTOR = YES;
				GCC_WARN_UNINITIALIZED_AUTOS = YES_AGGRESSIVE;
				GCC_WARN_UNUSED_FUNCTION = YES;
				GCC_WARN_UNUSED_VARIABLE = YES;
				MACOSX_DEPLOYMENT_TARGET = 14.0;
				MTL_ENABLE_DEBUG_INFO = INCLUDE_SOURCE;
				MTL_FAST_MATH = YES;
				ONLY_ACTIVE_ARCH = YES;
				SDKROOT = macosx;
				SWIFT_ACTIVE_COMPILATION_CONDITIONS = "DEBUG $(inherited)";
				SWIFT_OPTIMIZATION_LEVEL = "-Onone";
				SWIFT_VERSION = 5.0;
			};
			name = Debug;
		};
		000000000000000000000018 /* Release */ = {
			isa = XCBuildConfiguration;
			buildSettings = {
				ALWAYS_SEARCH_USER_PATHS = NO;
				CLANG_ANALYZER_NONNULL = YES;
				CLANG_ANALYZER_NUMBER_OBJECT_CONVERSION = YES_AGGRESSIVE;
				CLANG_CXX_LANGUAGE_STANDARD = "gnu++20";
				CLANG_ENABLE_MODULES = YES;
				CLANG_ENABLE_OBJC_ARC = YES;
				CLANG_ENABLE_OBJC_WEAK = YES;
				CLANG_WARN_BLOCK_CAPTURE_AUTORELEASING = YES;
				CLANG_WARN_BOOL_CONVERSION = YES;
				CLANG_WARN_COMMA = YES;
				CLANG_WARN_CONSTANT_CONVERSION = YES;
				CLANG_WARN_DEPRECATED_OBJC_IMPLEMENTATIONS = YES;
				CLANG_WARN_DIRECT_OBJC_ISA_USAGE = YES_ERROR;
				CLANG_WARN_DOCUMENTATION_COMMENTS = YES;
				CLANG_WARN_EMPTY_BODY = YES;
				CLANG_WARN_ENUM_CONVERSION = YES;
				CLANG_WARN_INFINITE_RECURSION = YES;
				CLANG_WARN_INT_CONVERSION = YES;
				CLANG_WARN_NON_LITERAL_NULL_CONVERSION = YES;
				CLANG_WARN_OBJC_IMPLICIT_RETAIN_SELF = YES;
				CLANG_WARN_OBJC_LITERAL_CONVERSION = YES;
				CLANG_WARN_OBJC_ROOT_CLASS = YES_ERROR;
				CLANG_WARN_QUOTED_INCLUDE_IN_FRAMEWORK_HEADER = YES;
				CLANG_WARN_RANGE_LOOP_ANALYSIS = YES;
				CLANG_WARN_STRICT_PROTOTYPES = YES;
				CLANG_WARN_SUSPICIOUS_MOVE = YES;
				CLANG_WARN_UNGUARDED_AVAILABILITY = YES_AGGRESSIVE;
				CLANG_WARN_UNREACHABLE_CODE = YES;
				CLANG_WARN__DUPLICATE_METHOD_MATCH = YES;
				COPY_PHASE_STRIP = NO;
				DEBUG_INFORMATION_FORMAT = "dwarf-with-dsym";
				ENABLE_NS_ASSERTIONS = NO;
				ENABLE_STRICT_OBJC_MSGSEND = YES;
				ENABLE_USER_SCRIPT_SANDBOXING = YES;
				GCC_C_LANGUAGE_STANDARD = gnu17;
				GCC_NO_COMMON_BLOCKS = YES;
				GCC_WARN_64_TO_32_BIT_CONVERSION = YES;
				GCC_WARN_ABOUT_RETURN_TYPE = YES_ERROR;
				GCC_WARN_UNDECLARED_SELECTOR = YES;
				GCC_WARN_UNINITIALIZED_AUTOS = YES_AGGRESSIVE;
				GCC_WARN_UNUSED_FUNCTION = YES;
				GCC_WARN_UNUSED_VARIABLE = YES;
				MACOSX_DEPLOYMENT_TARGET = 14.0;
				MTL_ENABLE_DEBUG_INFO = NO;
				MTL_FAST_MATH = YES;
				SDKROOT = macosx;
				SWIFT_COMPILATION_MODE = wholemodule;
				SWIFT_OPTIMIZATION_LEVEL = "-O";
				SWIFT_VERSION = 5.0;
			};
			name = Release;
		};
		000000000000000000000019 /* Debug */ = {
			isa = XCBuildConfiguration;
			buildSettings = {
				CODE_SIGN_ENTITLEMENTS = CommandNest/CommandNest.entitlements;
				CODE_SIGN_IDENTITY = "-";
				CODE_SIGN_STYLE = Manual;
				COMBINE_HIDPI_IMAGES = YES;
				GENERATE_INFOPLIST_FILE = NO;
				INFOPLIST_FILE = CommandNest/Info.plist;
				LD_RUNPATH_SEARCH_PATHS = (
					"$(inherited)",
					"@executable_path/../Frameworks",
				);
				MACOSX_DEPLOYMENT_TARGET = 14.0;
				PRODUCT_BUNDLE_IDENTIFIER = io.github.vininhosts.CommandNest;
				PRODUCT_MODULE_NAME = CommandNest;
				PRODUCT_NAME = CommandNest;
				SUPPORTED_PLATFORMS = macosx;
				SWIFT_EMIT_LOC_STRINGS = YES;
				SWIFT_VERSION = 5.0;
			};
			name = Debug;
		};
		000000000000000000000020 /* Release */ = {
			isa = XCBuildConfiguration;
			buildSettings = {
				CODE_SIGN_ENTITLEMENTS = CommandNest/CommandNest.entitlements;
				CODE_SIGN_IDENTITY = "-";
				CODE_SIGN_INJECT_BASE_ENTITLEMENTS = NO;
				CODE_SIGN_STYLE = Manual;
				COMBINE_HIDPI_IMAGES = YES;
				ENABLE_HARDENED_RUNTIME = YES;
				GENERATE_INFOPLIST_FILE = NO;
				INFOPLIST_FILE = CommandNest/Info.plist;
				LD_RUNPATH_SEARCH_PATHS = (
					"$(inherited)",
					"@executable_path/../Frameworks",
				);
				MACOSX_DEPLOYMENT_TARGET = 14.0;
				PRODUCT_BUNDLE_IDENTIFIER = io.github.vininhosts.CommandNest;
				PRODUCT_MODULE_NAME = CommandNest;
				PRODUCT_NAME = CommandNest;
				SUPPORTED_PLATFORMS = macosx;
				SWIFT_EMIT_LOC_STRINGS = YES;
				SWIFT_VERSION = 5.0;
			};
			name = Release;
		};
		000000000000000000000021 /* Debug */ = {
			isa = XCBuildConfiguration;
			buildSettings = {
				BUNDLE_LOADER = "$(TEST_HOST)";
				CODE_SIGN_IDENTITY = "-";
				CODE_SIGN_STYLE = Manual;
				GENERATE_INFOPLIST_FILE = YES;
				LD_RUNPATH_SEARCH_PATHS = (
					"$(inherited)",
					"@executable_path/../Frameworks",
					"@loader_path/../Frameworks",
				);
				MACOSX_DEPLOYMENT_TARGET = 14.0;
				PRODUCT_BUNDLE_IDENTIFIER = io.github.vininhosts.CommandNestTests;
				PRODUCT_NAME = "$(TARGET_NAME)";
				SUPPORTED_PLATFORMS = macosx;
				SWIFT_VERSION = 5.0;
				TEST_HOST = "$(BUILT_PRODUCTS_DIR)/CommandNest.app/Contents/MacOS/CommandNest";
			};
			name = Debug;
		};
		000000000000000000000022 /* Release */ = {
			isa = XCBuildConfiguration;
			buildSettings = {
				BUNDLE_LOADER = "$(TEST_HOST)";
				CODE_SIGN_IDENTITY = "-";
				CODE_SIGN_STYLE = Manual;
				GENERATE_INFOPLIST_FILE = YES;
				LD_RUNPATH_SEARCH_PATHS = (
					"$(inherited)",
					"@executable_path/../Frameworks",
					"@loader_path/../Frameworks",
				);
				MACOSX_DEPLOYMENT_TARGET = 14.0;
				PRODUCT_BUNDLE_IDENTIFIER = io.github.vininhosts.CommandNestTests;
				PRODUCT_NAME = "$(TARGET_NAME)";
				SUPPORTED_PLATFORMS = macosx;
				SWIFT_VERSION = 5.0;
				TEST_HOST = "$(BUILT_PRODUCTS_DIR)/CommandNest.app/Contents/MacOS/CommandNest";
			};
			name = Release;
		};
/* End XCBuildConfiguration section */

/* Begin XCConfigurationList section */
		000000000000000000000015 /* Build configuration list for PBXProject "CommandNest" */ = {
			isa = XCConfigurationList;
			buildConfigurations = (
				000000000000000000000017 /* Debug */,
				000000000000000000000018 /* Release */,
			);
			defaultConfigurationIsVisible = 0;
			defaultConfigurationName = Release;
		};
		000000000000000000000016 /* Build configuration list for PBXNativeTarget "CommandNest" */ = {
			isa = XCConfigurationList;
			buildConfigurations = (
				000000000000000000000019 /* Debug */,
				000000000000000000000020 /* Release */,
			);
			defaultConfigurationIsVisible = 0;
			defaultConfigurationName = Release;
		};
		000000000000000000000026 /* Build configuration list for PBXNativeTarget "CommandNestTests" */ = {
			isa = XCConfigurationList;
			buildConfigurations = (
				000000000000000000000021 /* Debug */,
				000000000000000000000022 /* Release */,
			);
			defaultConfigurationIsVisible = 0;
			defaultConfigurationName = Release;
		};
/* End XCConfigurationList section */
	};
	rootObject = 000000000000000000000001 /* Project object */;
}
